# @generated by Move, please check-in and do not edit manually.

[move]
version = 3
manifest_digest = "0FF5D3A60B9EB1A18A1748167DB24129C1FF42131B4F8F18F96BE20A2A5664BB"
deps_digest = "F8BBB0CCB2491CA29A3DF03D6F92277A4F3574266507ACD77214D37ECA3F3082"
dependencies = [
  { id = "Sui", name = "Sui" },
]

[[move.package]]
id = "MoveStdlib"
source = { git = "https://github.com/MystenLabs/sui.git", rev = "framework/testnet", subdir = "crates/sui-framework/packages/move-stdlib" }

[[move.package]]
id = "Sui"
source = { git = "https://github.com/MystenLabs/sui.git", rev = "framework/testnet", subdir = "crates/sui-framework/packages/sui-framework" }

dependencies = [
  { id = "MoveStdlib", name = "MoveStdlib" },
]

[move.toolchain-version]
compiler-version = "1.60.0"
edition = "2024.beta"
flavor = "sui"

[env]

[env.testnet]
chain-id = "4c78adac"
original-published-id = "0x975450d66596a01c027f09a6f4126fe0203eb1714d038ce5ba6bc025cd9baf58"
latest-published-id = "0x975450d66596a01c027f09a6f4126fe0203eb1714d038ce5ba6bc025cd9baf58"
published-version = "1"
